
Microsoft Visual Studio Solution File, Format Version 12.00
# Visual Studio Version 16
VisualStudioVersion = 16.0.30128.74
MinimumVisualStudioVersion = 10.0.40219.1
Project("{9A19103F-16F7-4668-BE54-9A1E7A4F7556}") = "MonLicensing", "MonLicensing\MonLicensing.csproj", "{C81D7D52-4550-49F5-BB2D-818EE85A7D9A}"
EndProject
Global
	GlobalSection(SolutionConfigurationPlatforms) = preSolution
		Debug|Any CPU = Debug|Any CPU
		Release|Any CPU = Release|Any CPU
	EndGlobalSection
	GlobalSection(ProjectConfigurationPlatforms) = postSolution
		{C81D7D52-4550-49F5-BB2D-818EE85A7D9A}.Debug|Any CPU.ActiveCfg = Debug|Any CPU
		{C81D7D52-4550-49F5-BB2D-818EE85A7D9A}.Debug|Any CPU.Build.0 = Debug|Any CPU
		{C81D7D52-4550-49F5-BB2D-818EE85A7D9A}.Release|Any CPU.ActiveCfg = Release|Any CPU
		{C81D7D52-4550-49F5-BB2D-818EE85A7D9A}.Release|Any CPU.Build.0 = Release|Any CPU
	EndGlobalSection
	GlobalSection(SolutionProperties) = preSolution
		HideSolutionNode = FALSE
	EndGlobalSection
	GlobalSection(ExtensibilityGlobals) = postSolution
		SolutionGuid = {1C39ADF7-8DE9-4AD3-972C-C7E2244194A1}
	EndGlobalSection
EndGlobal
